
Microsoft Visual Studio Solution File, Format Version 12.00
# Visual Studio 14
VisualStudioVersion = 14.0.23107.0
MinimumVisualStudioVersion = 10.0.40219.1
Project("{FAE04EC0-301F-11D3-BF4B-00C04F79EFBC}") = "Armstrong", "Armstrong\Armstrong.csproj", "{4A5925C0-2000-4257-B4F1-5C733E672C67}"
EndProject
Project("{FAE04EC0-301F-11D3-BF4B-00C04F79EFBC}") = "BusinessL", "BusinessL\BusinessL\BusinessL.csproj", "{60B976B2-5E37-496F-8156-D20711A35A20}"
EndProject
Project("{E24C65DC-7377-472B-9ABA-BC803B73C61A}") = "Website1(1)", "Website1\", "{F8C9DCD8-3C00-4C8D-B889-62C6EB0EF89C}"
	ProjectSection(WebsiteProperties) = preProject
		TargetFrameworkMoniker = ".NETFramework,Version%3Dv4.5"
		Debug.AspNetCompiler.VirtualPath = "/localhost_50870"
		Debug.AspNetCompiler.PhysicalPath = "Website1\"
		Debug.AspNetCompiler.TargetPath = "PrecompiledWeb\localhost_50870\"
		Debug.AspNetCompiler.Updateable = "true"
		Debug.AspNetCompiler.ForceOverwrite = "true"
		Debug.AspNetCompiler.FixedNames = "false"
		Debug.AspNetCompiler.Debug = "True"
		Release.AspNetCompiler.VirtualPath = "/localhost_50870"
		Release.AspNetCompiler.PhysicalPath = "Website1\"
		Release.AspNetCompiler.TargetPath = "PrecompiledWeb\localhost_50870\"
		Release.AspNetCompiler.Updateable = "true"
		Release.AspNetCompiler.ForceOverwrite = "true"
		Release.AspNetCompiler.FixedNames = "false"
		Release.AspNetCompiler.Debug = "False"
		VWDPort = "50870"
		SlnRelativePath = "Website1\"
		DefaultWebSiteLanguage = "Visual C#"
	EndProjectSection
EndProject
Project("{2150E333-8FDC-42A3-9474-1A3956D46DE8}") = "Bin", "Bin", "{77F2BBAE-3D76-483F-9723-E911996D9F2F}"
EndProject
Global
	GlobalSection(SolutionConfigurationPlatforms) = preSolution
		Debug|Any CPU = Debug|Any CPU
		Release|Any CPU = Release|Any CPU
	EndGlobalSection
	GlobalSection(ProjectConfigurationPlatforms) = postSolution
		{4A5925C0-2000-4257-B4F1-5C733E672C67}.Debug|Any CPU.ActiveCfg = Debug|Any CPU
		{4A5925C0-2000-4257-B4F1-5C733E672C67}.Debug|Any CPU.Build.0 = Debug|Any CPU
		{4A5925C0-2000-4257-B4F1-5C733E672C67}.Release|Any CPU.ActiveCfg = Release|Any CPU
		{4A5925C0-2000-4257-B4F1-5C733E672C67}.Release|Any CPU.Build.0 = Release|Any CPU
		{60B976B2-5E37-496F-8156-D20711A35A20}.Debug|Any CPU.ActiveCfg = Debug|Any CPU
		{60B976B2-5E37-496F-8156-D20711A35A20}.Debug|Any CPU.Build.0 = Debug|Any CPU
		{60B976B2-5E37-496F-8156-D20711A35A20}.Release|Any CPU.ActiveCfg = Release|Any CPU
		{60B976B2-5E37-496F-8156-D20711A35A20}.Release|Any CPU.Build.0 = Release|Any CPU
		{F8C9DCD8-3C00-4C8D-B889-62C6EB0EF89C}.Debug|Any CPU.ActiveCfg = Debug|Any CPU
		{F8C9DCD8-3C00-4C8D-B889-62C6EB0EF89C}.Debug|Any CPU.Build.0 = Debug|Any CPU
		{F8C9DCD8-3C00-4C8D-B889-62C6EB0EF89C}.Release|Any CPU.ActiveCfg = Debug|Any CPU
		{F8C9DCD8-3C00-4C8D-B889-62C6EB0EF89C}.Release|Any CPU.Build.0 = Debug|Any CPU
	EndGlobalSection
	GlobalSection(SolutionProperties) = preSolution
		HideSolutionNode = FALSE
	EndGlobalSection
EndGlobal
